
Microsoft Visual Studio Solution File, Format Version 12.00
# Visual Studio Version 17
VisualStudioVersion = 17.6.33723.286
MinimumVisualStudioVersion = 10.0.40219.1
Project("{FAE04EC0-301F-11D3-BF4B-00C04F79EFBC}") = "LogGraphBuilder", "LogGraphBuilder\LogGraphBuilder.csproj", "{FDAB825A-3EA1-4E24-876B-C2600FAA8424}"
EndProject
Global
	GlobalSection(SolutionConfigurationPlatforms) = preSolution
		Debug|Any CPU = Debug|Any CPU
		Release|Any CPU = Release|Any CPU
	EndGlobalSection
	GlobalSection(ProjectConfigurationPlatforms) = postSolution
		{FDAB825A-3EA1-4E24-876B-C2600FAA8424}.Debug|Any CPU.ActiveCfg = Debug|Any CPU
		{FDAB825A-3EA1-4E24-876B-C2600FAA8424}.Debug|Any CPU.Build.0 = Debug|Any CPU
		{FDAB825A-3EA1-4E24-876B-C2600FAA8424}.Release|Any CPU.ActiveCfg = Release|Any CPU
		{FDAB825A-3EA1-4E24-876B-C2600FAA8424}.Release|Any CPU.Build.0 = Release|Any CPU
	EndGlobalSection
	GlobalSection(SolutionProperties) = preSolution
		HideSolutionNode = FALSE
	EndGlobalSection
	GlobalSection(ExtensibilityGlobals) = postSolution
		SolutionGuid = {39F0415B-8D3B-4C68-B33E-4F29999D56CB}
	EndGlobalSection
EndGlobal
